// !$*UTF8*$!
{
	archiveVersion = 1;
	classes = {
	};
	objectVersion = 56;
	objects = {

/* Begin PBXBuildFile section */
		A092BA9E2A77A1D80055C12E /* DogsAndJokesApp.swift in Sources */ = {isa = PBXBuildFile; fileRef = A092BA9D2A77A1D80055C12E /* DogsAndJokesApp.swift */; };
		A092BAA02A77A1D80055C12E /* ContentView.swift in Sources */ = {isa = PBXBuildFile; fileRef = A092BA9F2A77A1D80055C12E /* ContentView.swift */; };
		A092BAA22A77A1D80055C12E /* Item.swift in Sources */ = {isa = PBXBuildFile; fileRef = A092BAA12A77A1D80055C12E /* Item.swift */; };
		A092BAA42A77A1DB0055C12E /* Assets.xcassets in Resources */ = {isa = PBXBuildFile; fileRef = A092BAA32A77A1DB0055C12E /* Assets.xcassets */; };
		A092BAA72A77A1DB0055C12E /* Preview Assets.xcassets in Resources */ = {isa = PBXBuildFile; fileRef = A092BAA62A77A1DB0055C12E /* Preview Assets.xcassets */; };
		A092BAB12A77A1DB0055C12E /* DogsAndJokesTests.swift in Sources */ = {isa = PBXBuildFile; fileRef = A092BAB02A77A1DB0055C12E /* DogsAndJokesTests.swift */; };
		A092BABB2A77A1DB0055C12E /* DogsAndJokesUITests.swift in Sources */ = {isa = PBXBuildFile; fileRef = A092BABA2A77A1DB0055C12E /* DogsAndJokesUITests.swift */; };
		A092BABD2A77A1DB0055C12E /* DogsAndJokesUITestsLaunchTests.swift in Sources */ = {isa = PBXBuildFile; fileRef = A092BABC2A77A1DB0055C12E /* DogsAndJokesUITestsLaunchTests.swift */; };
/* End PBXBuildFile section */

/* Begin PBXContainerItemProxy section */
		A092BAAD2A77A1DB0055C12E /* PBXContainerItemProxy */ = {
			isa = PBXContainerItemProxy;
			containerPortal = A092BA922A77A1D80055C12E /* Project object */;
			proxyType = 1;
			remoteGlobalIDString = A092BA992A77A1D80055C12E;
			remoteInfo = DogsAndJokes;
		};
		A092BAB72A77A1DB0055C12E /* PBXContainerItemProxy */ = {
			isa = PBXContainerItemProxy;
			containerPortal = A092BA922A77A1D80055C12E /* Project object */;
			proxyType = 1;
			remoteGlobalIDString = A092BA992A77A1D80055C12E;
			remoteInfo = DogsAndJokes;
		};
/* End PBXContainerItemProxy section */

/* Begin PBXFileReference section */
		A092BA9A2A77A1D80055C12E /* DogsAndJokes.app */ = {isa = PBXFileReference; explicitFileType = wrapper.application; includeInIndex = 0; path = DogsAndJokes.app; sourceTree = BUILT_PRODUCTS_DIR; };
		A092BA9D2A77A1D80055C12E /* DogsAndJokesApp.swift */ = {isa = PBXFileReference; lastKnownFileType = sourcecode.swift; path = DogsAndJokesApp.swift; sourceTree = "<group>"; };
		A092BA9F2A77A1D80055C12E /* ContentView.swift */ = {isa = PBXFileReference; lastKnownFileType = sourcecode.swift; path = ContentView.swift; sourceTree = "<group>"; };
		A092BAA12A77A1D80055C12E /* Item.swift */ = {isa = PBXFileReference; lastKnownFileType = sourcecode.swift; path = Item.swift; sourceTree = "<group>"; };
		A092BAA32A77A1DB0055C12E /* Assets.xcassets */ = {isa = PBXFileReference; lastKnownFileType = folder.assetcatalog; path = Assets.xcassets; sourceTree = "<group>"; };
		A092BAA62A77A1DB0055C12E /* Preview Assets.xcassets */ = {isa = PBXFileReference; lastKnownFileType = folder.assetcatalog; path = "Preview Assets.xcassets"; sourceTree = "<group>"; };
		A092BAAC2A77A1DB0055C12E /* DogsAndJokesTests.xctest */ = {isa = PBXFileReference; explicitFileType = wrapper.cfbundle; includeInIndex = 0; path = DogsAndJokesTests.xctest; sourceTree = BUILT_PRODUCTS_DIR; };
		A092BAB02A77A1DB0055C12E /* DogsAndJokesTests.swift */ = {isa = PBXFileReference; lastKnownFileType = sourcecode.swift; path = DogsAndJokesTests.swift; sourceTree = "<group>"; };
		A092BAB62A77A1DB0055C12E /* DogsAndJokesUITests.xctest */ = {isa = PBXFileReference; explicitFileType = wrapper.cfbundle; includeInIndex = 0; path = DogsAndJokesUITests.xctest; sourceTree = BUILT_PRODUCTS_DIR; };
		A092BABA2A77A1DB0055C12E /* DogsAndJokesUITests.swift */ = {isa = PBXFileReference; lastKnownFileType = sourcecode.swift; path = DogsAndJokesUITests.swift; sourceTree = "<group>"; };
		A092BABC2A77A1DB0055C12E /* DogsAndJokesUITestsLaunchTests.swift */ = {isa = PBXFileReference; lastKnownFileType = sourcecode.swift; path = DogsAndJokesUITestsLaunchTests.swift; sourceTree = "<group>"; };
/* End PBXFileReference section */

/* Begin PBXFrameworksBuildPhase section */
		A092BA972A77A1D80055C12E /* Frameworks */ = {
			isa = PBXFrameworksBuildPhase;
			buildActionMask = 2147483647;
			files = (
			);
			runOnlyForDeploymentPostprocessing = 0;
		};
		A092BAA92A77A1DB0055C12E /* Frameworks */ = {
			isa = PBXFrameworksBuildPhase;
			buildActionMask = 2147483647;
			files = (
			);
			runOnlyForDeploymentPostprocessing = 0;
		};
		A092BAB32A77A1DB0055C12E /* Frameworks */ = {
			isa = PBXFrameworksBuildPhase;
			buildActionMask = 2147483647;
			files = (
			);
			runOnlyForDeploymentPostprocessing = 0;
		};
/* End PBXFrameworksBuildPhase section */

/* Begin PBXGroup section */
		A092BA912A77A1D80055C12E = {
			isa = PBXGroup;
			children = (
				A092BA9C2A77A1D80055C12E /* DogsAndJokes */,
				A092BAAF2A77A1DB0055C12E /* DogsAndJokesTests */,
				A092BAB92A77A1DB0055C12E /* DogsAndJokesUITests */,
				A092BA9B2A77A1D80055C12E /* Products */,
			);
			sourceTree = "<group>";
		};
		A092BA9B2A77A1D80055C12E /* Products */ = {
			isa = PBXGroup;
			children = (
				A092BA9A2A77A1D80055C12E /* DogsAndJokes.app */,
				A092BAAC2A77A1DB0055C12E /* DogsAndJokesTests.xctest */,
				A092BAB62A77A1DB0055C12E /* DogsAndJokesUITests.xctest */,
			);
			name = Products;
			sourceTree = "<group>";
		};
		A092BA9C2A77A1D80055C12E /* DogsAndJokes */ = {
			isa = PBXGroup;
			children = (
				A092BA9D2A77A1D80055C12E /* DogsAndJokesApp.swift */,
				A092BA9F2A77A1D80055C12E /* ContentView.swift */,
				A092BAA12A77A1D80055C12E /* Item.swift */,
				A092BAA32A77A1DB0055C12E /* Assets.xcassets */,
				A092BAA52A77A1DB0055C12E /* Preview Content */,
			);
			path = DogsAndJokes;
			sourceTree = "<group>";
		};
		A092BAA52A77A1DB0055C12E /* Preview Content */ = {
			isa = PBXGroup;
			children = (
				A092BAA62A77A1DB0055C12E /* Preview Assets.xcassets */,
			);
			path = "Preview Content";
			sourceTree = "<group>";
		};
		A092BAAF2A77A1DB0055C12E /* DogsAndJokesTests */ = {
			isa = PBXGroup;
			children = (
				A092BAB02A77A1DB0055C12E /* DogsAndJokesTests.swift */,
			);
			path = DogsAndJokesTests;
			sourceTree = "<group>";
		};
		A092BAB92A77A1DB0055C12E /* DogsAndJokesUITests */ = {
			isa = PBXGroup;
			children = (
				A092BABA2A77A1DB0055C12E /* DogsAndJokesUITests.swift */,
				A092BABC2A77A1DB0055C12E /* DogsAndJokesUITestsLaunchTests.swift */,
			);
			path = DogsAndJokesUITests;
			sourceTree = "<group>";
		};
/* End PBXGroup section */

/* Begin PBXNativeTarget section */
		A092BA992A77A1D80055C12E /* DogsAndJokes */ = {
			isa = PBXNativeTarget;
			buildConfigurationList = A092BAC02A77A1DB0055C12E /* Build configuration list for PBXNativeTarget "DogsAndJokes" */;
			buildPhases = (
				A092BA962A77A1D80055C12E /* Sources */,
				A092BA972A77A1D80055C12E /* Frameworks */,
				A092BA982A77A1D80055C12E /* Resources */,
			);
			buildRules = (
			);
			dependencies = (
			);
			name = DogsAndJokes;
			productName = DogsAndJokes;
			productReference = A092BA9A2A77A1D80055C12E /* DogsAndJokes.app */;
			productType = "com.apple.product-type.application";
		};
		A092BAAB2A77A1DB0055C12E /* DogsAndJokesTests */ = {
			isa = PBXNativeTarget;
			buildConfigurationList = A092BAC32A77A1DB0055C12E /* Build configuration list for PBXNativeTarget "DogsAndJokesTests" */;
			buildPhases = (
				A092BAA82A77A1DB0055C12E /* Sources */,
				A092BAA92A77A1DB0055C12E /* Frameworks */,
				A092BAAA2A77A1DB0055C12E /* Resources */,
			);
			buildRules = (
			);
			dependencies = (
				A092BAAE2A77A1DB0055C12E /* PBXTargetDependency */,
			);
			name = DogsAndJokesTests;
			productName = DogsAndJokesTests;
			productReference = A092BAAC2A77A1DB0055C12E /* DogsAndJokesTests.xctest */;
			productType = "com.apple.product-type.bundle.unit-test";
		};
		A092BAB52A77A1DB0055C12E /* DogsAndJokesUITests */ = {
			isa = PBXNativeTarget;
			buildConfigurationList = A092BAC62A77A1DB0055C12E /* Build configuration list for PBXNativeTarget "DogsAndJokesUITests" */;
			buildPhases = (
				A092BAB22A77A1DB0055C12E /* Sources */,
				A092BAB32A77A1DB0055C12E /* Frameworks */,
				A092BAB42A77A1DB0055C12E /* Resources */,
			);
			buildRules = (
			);
			dependencies = (
				A092BAB82A77A1DB0055C12E /* PBXTargetDependency */,
			);
			name = DogsAndJokesUITests;
			productName = DogsAndJokesUITests;
			productReference = A092BAB62A77A1DB0055C12E /* DogsAndJokesUITests.xctest */;
			productType = "com.apple.product-type.bundle.ui-testing";
		};
/* End PBXNativeTarget section */

/* Begin PBXProject section */
		A092BA922A77A1D80055C12E /* Project object */ = {
			isa = PBXProject;
			attributes = {
				BuildIndependentTargetsInParallel = 1;
				LastSwiftUpdateCheck = 1500;
				LastUpgradeCheck = 1500;
				TargetAttributes = {
					A092BA992A77A1D80055C12E = {
						CreatedOnToolsVersion = 15.0;
					};
					A092BAAB2A77A1DB0055C12E = {
						CreatedOnToolsVersion = 15.0;
						TestTargetID = A092BA992A77A1D80055C12E;
					};
					A092BAB52A77A1DB0055C12E = {
						CreatedOnToolsVersion = 15.0;
						TestTargetID = A092BA992A77A1D80055C12E;
					};
				};
			};
			buildConfigurationList = A092BA952A77A1D80055C12E /* Build configuration list for PBXProject "DogsAndJokes" */;
			compatibilityVersion = "Xcode 14.0";
			developmentRegion = en;
			hasScannedForEncodings = 0;
			knownRegions = (
				en,
				Base,
			);
			mainGroup = A092BA912A77A1D80055C12E;
			productRefGroup = A092BA9B2A77A1D80055C12E /* Products */;
			projectDirPath = "";
			projectRoot = "";
			targets = (
				A092BA992A77A1D80055C12E /* DogsAndJokes */,
				A092BAAB2A77A1DB0055C12E /* DogsAndJokesTests */,
				A092BAB52A77A1DB0055C12E /* DogsAndJokesUITests */,
			);
		};
/* End PBXProject section */

/* Begin PBXResourcesBuildPhase section */
		A092BA982A77A1D80055C12E /* Resources */ = {
			isa = PBXResourcesBuildPhase;
			buildActionMask = 2147483647;
			files = (
				A092BAA72A77A1DB0055C12E /* Preview Assets.xcassets in Resources */,
				A092BAA42A77A1DB0055C12E /* Assets.xcassets in Resources */,
			);
			runOnlyForDeploymentPostprocessing = 0;
		};
		A092BAAA2A77A1DB0055C12E /* Resources */ = {
			isa = PBXResourcesBuildPhase;
			buildActionMask = 2147483647;
			files = (
			);
			runOnlyForDeploymentPostprocessing = 0;
		};
		A092BAB42A77A1DB0055C12E /* Resources */ = {
			isa = PBXResourcesBuildPhase;
			buildActionMask = 2147483647;
			files = (
			);
			runOnlyForDeploymentPostprocessing = 0;
		};
/* End PBXResourcesBuildPhase section */

/* Begin PBXSourcesBuildPhase section */
		A092BA962A77A1D80055C12E /* Sources */ = {
			isa = PBXSourcesBuildPhase;
			buildActionMask = 2147483647;
			files = (
				A092BAA02A77A1D80055C12E /* ContentView.swift in Sources */,
				A092BAA22A77A1D80055C12E /* Item.swift in Sources */,
				A092BA9E2A77A1D80055C12E /* DogsAndJokesApp.swift in Sources */,
			);
			runOnlyForDeploymentPostprocessing = 0;
		};
		A092BAA82A77A1DB0055C12E /* Sources */ = {
			isa = PBXSourcesBuildPhase;
			buildActionMask = 2147483647;
			files = (
				A092BAB12A77A1DB0055C12E /* DogsAndJokesTests.swift in Sources */,
			);
			runOnlyForDeploymentPostprocessing = 0;
		};
		A092BAB22A77A1DB0055C12E /* Sources */ = {
			isa = PBXSourcesBuildPhase;
			buildActionMask = 2147483647;
			files = (
				A092BABD2A77A1DB0055C12E /* DogsAndJokesUITestsLaunchTests.swift in Sources */,
				A092BABB2A77A1DB0055C12E /* DogsAndJokesUITests.swift in Sources */,
			);
			runOnlyForDeploymentPostprocessing = 0;
		};
/* End PBXSourcesBuildPhase section */

/* Begin PBXTargetDependency section */
		A092BAAE2A77A1DB0055C12E /* PBXTargetDependency */ = {
			isa = PBXTargetDependency;
			target = A092BA992A77A1D80055C12E /* DogsAndJokes */;
			targetProxy = A092BAAD2A77A1DB0055C12E /* PBXContainerItemProxy */;
		};
		A092BAB82A77A1DB0055C12E /* PBXTargetDependency */ = {
			isa = PBXTargetDependency;
			target = A092BA992A77A1D80055C12E /* DogsAndJokes */;
			targetProxy = A092BAB72A77A1DB0055C12E /* PBXContainerItemProxy */;
		};
/* End PBXTargetDependency section */

/* Begin XCBuildConfiguration section */
		A092BABE2A77A1DB0055C12E /* Debug */ = {
			isa = XCBuildConfiguration;
			buildSettings = {
				ALWAYS_SEARCH_USER_PATHS = NO;
				ASSETCATALOG_COMPILER_GENERATE_SWIFT_ASSET_SYMBOL_EXTENSIONS = YES;
				CLANG_ANALYZER_NONNULL = YES;
				CLANG_ANALYZER_NUMBER_OBJECT_CONVERSION = YES_AGGRESSIVE;
				CLANG_CXX_LANGUAGE_STANDARD = "gnu++20";
				CLANG_ENABLE_MODULES = YES;
				CLANG_ENABLE_OBJC_ARC = YES;
				CLANG_ENABLE_OBJC_WEAK = YES;
				CLANG_WARN_BLOCK_CAPTURE_AUTORELEASING = YES;
				CLANG_WARN_BOOL_CONVERSION = YES;
				CLANG_WARN_COMMA = YES;
				CLANG_WARN_CONSTANT_CONVERSION = YES;
				CLANG_WARN_DEPRECATED_OBJC_IMPLEMENTATIONS = YES;
				CLANG_WARN_DIRECT_OBJC_ISA_USAGE = YES_ERROR;
				CLANG_WARN_DOCUMENTATION_COMMENTS = YES;
				CLANG_WARN_EMPTY_BODY = YES;
				CLANG_WARN_ENUM_CONVERSION = YES;
				CLANG_WARN_INFINITE_RECURSION = YES;
				CLANG_WARN_INT_CONVERSION = YES;
				CLANG_WARN_NON_LITERAL_NULL_CONVERSION = YES;
				CLANG_WARN_OBJC_IMPLICIT_RETAIN_SELF = YES;
				CLANG_WARN_OBJC_LITERAL_CONVERSION = YES;
				CLANG_WARN_OBJC_ROOT_CLASS = YES_ERROR;
				CLANG_WARN_QUOTED_INCLUDE_IN_FRAMEWORK_HEADER = YES;
				CLANG_WARN_RANGE_LOOP_ANALYSIS = YES;
				CLANG_WARN_STRICT_PROTOTYPES = YES;
				CLANG_WARN_SUSPICIOUS_MOVE = YES;
				CLANG_WARN_UNGUARDED_AVAILABILITY = YES_AGGRESSIVE;
				CLANG_WARN_UNREACHABLE_CODE = YES;
				CLANG_WARN__DUPLICATE_METHOD_MATCH = YES;
				COPY_PHASE_STRIP = NO;
				DEBUG_INFORMATION_FORMAT = dwarf;
				ENABLE_STRICT_OBJC_MSGSEND = YES;
				ENABLE_TESTABILITY = YES;
				ENABLE_USER_SCRIPT_SANDBOXING = YES;
				GCC_C_LANGUAGE_STANDARD = gnu17;
				GCC_DYNAMIC_NO_PIC = NO;
				GCC_NO_COMMON_BLOCKS = YES;
				GCC_OPTIMIZATION_LEVEL = 0;
				GCC_PREPROCESSOR_DEFINITIONS = (
					"DEBUG=1",
					"$(inherited)",
				);
				GCC_WARN_64_TO_32_BIT_CONVERSION = YES;
				GCC_WARN_ABOUT_RETURN_TYPE = YES_ERROR;
				GCC_WARN_UNDECLARED_SELECTOR = YES;
				GCC_WARN_UNINITIALIZED_AUTOS = YES_AGGRESSIVE;
				GCC_WARN_UNUSED_FUNCTION = YES;
				GCC_WARN_UNUSED_VARIABLE = YES;
				IPHONEOS_DEPLOYMENT_TARGET = 17.0;
				LOCALIZATION_PREFERS_STRING_CATALOGS = YES;
				MTL_ENABLE_DEBUG_INFO = INCLUDE_SOURCE;
				MTL_FAST_MATH = YES;
				ONLY_ACTIVE_ARCH = YES;
				SDKROOT = iphoneos;
				SWIFT_ACTIVE_COMPILATION_CONDITIONS = "DEBUG $(inherited)";
				SWIFT_OPTIMIZATION_LEVEL = "-Onone";
			};
			name = Debug;
		};
		A092BABF2A77A1DB0055C12E /* Release */ = {
			isa = XCBuildConfiguration;
			buildSettings = {
				ALWAYS_SEARCH_USER_PATHS = NO;
				ASSETCATALOG_COMPILER_GENERATE_SWIFT_ASSET_SYMBOL_EXTENSIONS = YES;
				CLANG_ANALYZER_NONNULL = YES;
				CLANG_ANALYZER_NUMBER_OBJECT_CONVERSION = YES_AGGRESSIVE;
				CLANG_CXX_LANGUAGE_STANDARD = "gnu++20";
				CLANG_ENABLE_MODULES = YES;
				CLANG_ENABLE_OBJC_ARC = YES;
				CLANG_ENABLE_OBJC_WEAK = YES;
				CLANG_WARN_BLOCK_CAPTURE_AUTORELEASING = YES;
				CLANG_WARN_BOOL_CONVERSION = YES;
				CLANG_WARN_COMMA = YES;
				CLANG_WARN_CONSTANT_CONVERSION = YES;
				CLANG_WARN_DEPRECATED_OBJC_IMPLEMENTATIONS = YES;
				CLANG_WARN_DIRECT_OBJC_ISA_USAGE = YES_ERROR;
				CLANG_WARN_DOCUMENTATION_COMMENTS = YES;
				CLANG_WARN_EMPTY_BODY = YES;
				CLANG_WARN_ENUM_CONVERSION = YES;
				CLANG_WARN_INFINITE_RECURSION = YES;
				CLANG_WARN_INT_CONVERSION = YES;
				CLANG_WARN_NON_LITERAL_NULL_CONVERSION = YES;
				CLANG_WARN_OBJC_IMPLICIT_RETAIN_SELF = YES;
				CLANG_WARN_OBJC_LITERAL_CONVERSION = YES;
				CLANG_WARN_OBJC_ROOT_CLASS = YES_ERROR;
				CLANG_WARN_QUOTED_INCLUDE_IN_FRAMEWORK_HEADER = YES;
				CLANG_WARN_RANGE_LOOP_ANALYSIS = YES;
				CLANG_WARN_STRICT_PROTOTYPES = YES;
				CLANG_WARN_SUSPICIOUS_MOVE = YES;
				CLANG_WARN_UNGUARDED_AVAILABILITY = YES_AGGRESSIVE;
				CLANG_WARN_UNREACHABLE_CODE = YES;
				CLANG_WARN__DUPLICATE_METHOD_MATCH = YES;
				COPY_PHASE_STRIP = NO;
				DEBUG_INFORMATION_FORMAT = "dwarf-with-dsym";
				ENABLE_NS_ASSERTIONS = NO;
				ENABLE_STRICT_OBJC_MSGSEND = YES;
				ENABLE_USER_SCRIPT_SANDBOXING = YES;
				GCC_C_LANGUAGE_STANDARD = gnu17;
				GCC_NO_COMMON_BLOCKS = YES;
				GCC_WARN_64_TO_32_BIT_CONVERSION = YES;
				GCC_WARN_ABOUT_RETURN_TYPE = YES_ERROR;
				GCC_WARN_UNDECLARED_SELECTOR = YES;
				GCC_WARN_UNINITIALIZED_AUTOS = YES_AGGRESSIVE;
				GCC_WARN_UNUSED_FUNCTION = YES;
				GCC_WARN_UNUSED_VARIABLE = YES;
				IPHONEOS_DEPLOYMENT_TARGET = 17.0;
				LOCALIZATION_PREFERS_STRING_CATALOGS = YES;
				MTL_ENABLE_DEBUG_INFO = NO;
				MTL_FAST_MATH = YES;
				SDKROOT = iphoneos;
				SWIFT_COMPILATION_MODE = wholemodule;
				VALIDATE_PRODUCT = YES;
			};
			name = Release;
		};
		A092BAC12A77A1DB0055C12E /* Debug */ = {
			isa = XCBuildConfiguration;
			buildSettings = {
				ASSETCATALOG_COMPILER_APPICON_NAME = AppIcon;
				ASSETCATALOG_COMPILER_GLOBAL_ACCENT_COLOR_NAME = AccentColor;
				CODE_SIGN_STYLE = Automatic;
				CURRENT_PROJECT_VERSION = 1;
				DEVELOPMENT_ASSET_PATHS = "\"DogsAndJokes/Preview Content\"";
				DEVELOPMENT_TEAM = 9D4ANAM6R4;
				ENABLE_PREVIEWS = YES;
				GENERATE_INFOPLIST_FILE = YES;
				INFOPLIST_KEY_UIApplicationSceneManifest_Generation = YES;
				INFOPLIST_KEY_UIApplicationSupportsIndirectInputEvents = YES;
				INFOPLIST_KEY_UILaunchScreen_Generation = YES;
				INFOPLIST_KEY_UISupportedInterfaceOrientations_iPad = "UIInterfaceOrientationPortrait UIInterfaceOrientationPortraitUpsideDown UIInterfaceOrientationLandscapeLeft UIInterfaceOrientationLandscapeRight";
				INFOPLIST_KEY_UISupportedInterfaceOrientations_iPhone = "UIInterfaceOrientationPortrait UIInterfaceOrientationLandscapeLeft UIInterfaceOrientationLandscapeRight";
				LD_RUNPATH_SEARCH_PATHS = (
					"$(inherited)",
					"@executable_path/Frameworks",
				);
				MARKETING_VERSION = 1.0;
				PRODUCT_BUNDLE_IDENTIFIER = Company.DogsAndJokes;
				PRODUCT_NAME = "$(TARGET_NAME)";
				SWIFT_EMIT_LOC_STRINGS = YES;
				SWIFT_VERSION = 5.0;
				TARGETED_DEVICE_FAMILY = "1,2";
			};
			name = Debug;
		};
		A092BAC22A77A1DB0055C12E /* Release */ = {
			isa = XCBuildConfiguration;
			buildSettings = {
				ASSETCATALOG_COMPILER_APPICON_NAME = AppIcon;
				ASSETCATALOG_COMPILER_GLOBAL_ACCENT_COLOR_NAME = AccentColor;
				CODE_SIGN_STYLE = Automatic;
				CURRENT_PROJECT_VERSION = 1;
				DEVELOPMENT_ASSET_PATHS = "\"DogsAndJokes/Preview Content\"";
				DEVELOPMENT_TEAM = 9D4ANAM6R4;
				ENABLE_PREVIEWS = YES;
				GENERATE_INFOPLIST_FILE = YES;
				INFOPLIST_KEY_UIApplicationSceneManifest_Generation = YES;
				INFOPLIST_KEY_UIApplicationSupportsIndirectInputEvents = YES;
				INFOPLIST_KEY_UILaunchScreen_Generation = YES;
				INFOPLIST_KEY_UISupportedInterfaceOrientations_iPad = "UIInterfaceOrientationPortrait UIInterfaceOrientationPortraitUpsideDown UIInterfaceOrientationLandscapeLeft UIInterfaceOrientationLandscapeRight";
				INFOPLIST_KEY_UISupportedInterfaceOrientations_iPhone = "UIInterfaceOrientationPortrait UIInterfaceOrientationLandscapeLeft UIInterfaceOrientationLandscapeRight";
				LD_RUNPATH_SEARCH_PATHS = (
					"$(inherited)",
					"@executable_path/Frameworks",
				);
				MARKETING_VERSION = 1.0;
				PRODUCT_BUNDLE_IDENTIFIER = Company.DogsAndJokes;
				PRODUCT_NAME = "$(TARGET_NAME)";
				SWIFT_EMIT_LOC_STRINGS = YES;
				SWIFT_VERSION = 5.0;
				TARGETED_DEVICE_FAMILY = "1,2";
			};
			name = Release;
		};
		A092BAC42A77A1DB0055C12E /* Debug */ = {
			isa = XCBuildConfiguration;
			buildSettings = {
				ALWAYS_EMBED_SWIFT_STANDARD_LIBRARIES = YES;
				BUNDLE_LOADER = "$(TEST_HOST)";
				CODE_SIGN_STYLE = Automatic;
				CURRENT_PROJECT_VERSION = 1;
				DEVELOPMENT_TEAM = 9D4ANAM6R4;
				GENERATE_INFOPLIST_FILE = YES;
				IPHONEOS_DEPLOYMENT_TARGET = 17.0;
				MARKETING_VERSION = 1.0;
				PRODUCT_BUNDLE_IDENTIFIER = Company.DogsAndJokesTests;
				PRODUCT_NAME = "$(TARGET_NAME)";
				SWIFT_EMIT_LOC_STRINGS = NO;
				SWIFT_VERSION = 5.0;
				TARGETED_DEVICE_FAMILY = "1,2";
				TEST_HOST = "$(BUILT_PRODUCTS_DIR)/DogsAndJokes.app/$(BUNDLE_EXECUTABLE_FOLDER_PATH)/DogsAndJokes";
			};
			name = Debug;
		};
		A092BAC52A77A1DB0055C12E /* Release */ = {
			isa = XCBuildConfiguration;
			buildSettings = {
				ALWAYS_EMBED_SWIFT_STANDARD_LIBRARIES = YES;
				BUNDLE_LOADER = "$(TEST_HOST)";
				CODE_SIGN_STYLE = Automatic;
				CURRENT_PROJECT_VERSION = 1;
				DEVELOPMENT_TEAM = 9D4ANAM6R4;
				GENERATE_INFOPLIST_FILE = YES;
				IPHONEOS_DEPLOYMENT_TARGET = 17.0;
				MARKETING_VERSION = 1.0;
				PRODUCT_BUNDLE_IDENTIFIER = Company.DogsAndJokesTests;
				PRODUCT_NAME = "$(TARGET_NAME)";
				SWIFT_EMIT_LOC_STRINGS = NO;
				SWIFT_VERSION = 5.0;
				TARGETED_DEVICE_FAMILY = "1,2";
				TEST_HOST = "$(BUILT_PRODUCTS_DIR)/DogsAndJokes.app/$(BUNDLE_EXECUTABLE_FOLDER_PATH)/DogsAndJokes";
			};
			name = Release;
		};
		A092BAC72A77A1DB0055C12E /* Debug */ = {
			isa = XCBuildConfiguration;
			buildSettings = {
				ALWAYS_EMBED_SWIFT_STANDARD_LIBRARIES = YES;
				CODE_SIGN_STYLE = Automatic;
				CURRENT_PROJECT_VERSION = 1;
				DEVELOPMENT_TEAM = 9D4ANAM6R4;
				GENERATE_INFOPLIST_FILE = YES;
				MARKETING_VERSION = 1.0;
				PRODUCT_BUNDLE_IDENTIFIER = Company.DogsAndJokesUITests;
				PRODUCT_NAME = "$(TARGET_NAME)";
				SWIFT_EMIT_LOC_STRINGS = NO;
				SWIFT_VERSION = 5.0;
				TARGETED_DEVICE_FAMILY = "1,2";
				TEST_TARGET_NAME = DogsAndJokes;
			};
			name = Debug;
		};
		A092BAC82A77A1DB0055C12E /* Release */ = {
			isa = XCBuildConfiguration;
			buildSettings = {
				ALWAYS_EMBED_SWIFT_STANDARD_LIBRARIES = YES;
				CODE_SIGN_STYLE = Automatic;
				CURRENT_PROJECT_VERSION = 1;
				DEVELOPMENT_TEAM = 9D4ANAM6R4;
				GENERATE_INFOPLIST_FILE = YES;
				MARKETING_VERSION = 1.0;
				PRODUCT_BUNDLE_IDENTIFIER = Company.DogsAndJokesUITests;
				PRODUCT_NAME = "$(TARGET_NAME)";
				SWIFT_EMIT_LOC_STRINGS = NO;
				SWIFT_VERSION = 5.0;
				TARGETED_DEVICE_FAMILY = "1,2";
				TEST_TARGET_NAME = DogsAndJokes;
			};
			name = Release;
		};
/* End XCBuildConfiguration section */

/* Begin XCConfigurationList section */
		A092BA952A77A1D80055C12E /* Build configuration list for PBXProject "DogsAndJokes" */ = {
			isa = XCConfigurationList;
			buildConfigurations = (
				A092BABE2A77A1DB0055C12E /* Debug */,
				A092BABF2A77A1DB0055C12E /* Release */,
			);
			defaultConfigurationIsVisible = 0;
			defaultConfigurationName = Release;
		};
		A092BAC02A77A1DB0055C12E /* Build configuration list for PBXNativeTarget "DogsAndJokes" */ = {
			isa = XCConfigurationList;
			buildConfigurations = (
				A092BAC12A77A1DB0055C12E /* Debug */,
				A092BAC22A77A1DB0055C12E /* Release */,
			);
			defaultConfigurationIsVisible = 0;
			defaultConfigurationName = Release;
		};
		A092BAC32A77A1DB0055C12E /* Build configuration list for PBXNativeTarget "DogsAndJokesTests" */ = {
			isa = XCConfigurationList;
			buildConfigurations = (
				A092BAC42A77A1DB0055C12E /* Debug */,
				A092BAC52A77A1DB0055C12E /* Release */,
			);
			defaultConfigurationIsVisible = 0;
			defaultConfigurationName = Release;
		};
		A092BAC62A77A1DB0055C12E /* Build configuration list for PBXNativeTarget "DogsAndJokesUITests" */ = {
			isa = XCConfigurationList;
			buildConfigurations = (
				A092BAC72A77A1DB0055C12E /* Debug */,
				A092BAC82A77A1DB0055C12E /* Release */,
			);
			defaultConfigurationIsVisible = 0;
			defaultConfigurationName = Release;
		};
/* End XCConfigurationList section */
	};
	rootObject = A092BA922A77A1D80055C12E /* Project object */;
}
